// !$*UTF8*$!
{
	archiveVersion = 1;
	classes = {
	};
	objectVersion = 48;
	objects = {

/* Begin PBXBuildFile section */
		205CBEC72097F86200BE0A94 /* power-cube-gray.png in Resources */ = {isa = PBXBuildFile; fileRef = 205CBEC62097F86100BE0A94 /* power-cube-gray.png */; };
		205CBECB2097F87300BE0A94 /* boost-gray.png in Resources */ = {isa = PBXBuildFile; fileRef = 205CBEC82097F87100BE0A94 /* boost-gray.png */; };
		205CBECC2097F87300BE0A94 /* levitate-gray.png in Resources */ = {isa = PBXBuildFile; fileRef = 205CBEC92097F87200BE0A94 /* levitate-gray.png */; };
		205CBECD2097F87300BE0A94 /* force-gray.png in Resources */ = {isa = PBXBuildFile; fileRef = 205CBECA2097F87200BE0A94 /* force-gray.png */; };
		2084FF352097F26B0098373C /* HumanPlayerViewController.swift in Sources */ = {isa = PBXBuildFile; fileRef = 2084FF342097F26B0098373C /* HumanPlayerViewController.swift */; };
		20E52253206C03E500BF8124 /* AppDelegate.swift in Sources */ = {isa = PBXBuildFile; fileRef = 20E52252206C03E500BF8124 /* AppDelegate.swift */; };
		20E5225A206C03E500BF8124 /* Main.storyboard in Resources */ = {isa = PBXBuildFile; fileRef = 20E52258206C03E500BF8124 /* Main.storyboard */; };
		20E5225C206C03E500BF8124 /* Assets.xcassets in Resources */ = {isa = PBXBuildFile; fileRef = 20E5225B206C03E500BF8124 /* Assets.xcassets */; };
		20E5225F206C03E500BF8124 /* LaunchScreen.storyboard in Resources */ = {isa = PBXBuildFile; fileRef = 20E5225D206C03E500BF8124 /* LaunchScreen.storyboard */; };
		20E5226A206C03E500BF8124 /* PowerUpScoringTests.swift in Sources */ = {isa = PBXBuildFile; fileRef = 20E52269206C03E500BF8124 /* PowerUpScoringTests.swift */; };
		20E52275206C03E500BF8124 /* PowerUpScoringUITests.swift in Sources */ = {isa = PBXBuildFile; fileRef = 20E52274206C03E500BF8124 /* PowerUpScoringUITests.swift */; };
		20E52289206C0FAF00BF8124 /* scale-gray.png in Resources */ = {isa = PBXBuildFile; fileRef = 20E52283206C0FAF00BF8124 /* scale-gray.png */; };
		20E5228A206C0FAF00BF8124 /* scale-blue.png in Resources */ = {isa = PBXBuildFile; fileRef = 20E52284206C0FAF00BF8124 /* scale-blue.png */; };
		20E5228B206C0FAF00BF8124 /* scale-red.png in Resources */ = {isa = PBXBuildFile; fileRef = 20E52285206C0FAF00BF8124 /* scale-red.png */; };
		20E5228C206C0FAF00BF8124 /* switch-blue.png in Resources */ = {isa = PBXBuildFile; fileRef = 20E52286206C0FAF00BF8124 /* switch-blue.png */; };
		20E5228D206C0FAF00BF8124 /* switch-red.png in Resources */ = {isa = PBXBuildFile; fileRef = 20E52287206C0FAF00BF8124 /* switch-red.png */; };
		20E5228E206C0FAF00BF8124 /* switch-gray.png in Resources */ = {isa = PBXBuildFile; fileRef = 20E52288206C0FAF00BF8124 /* switch-gray.png */; };
		20E52295206C27AB00BF8124 /* red-selected.png in Resources */ = {isa = PBXBuildFile; fileRef = 20E5228F206C27AA00BF8124 /* red-selected.png */; };
		20E52296206C27AB00BF8124 /* gray-unselected.png in Resources */ = {isa = PBXBuildFile; fileRef = 20E52290206C27AA00BF8124 /* gray-unselected.png */; };
		20E52297206C27AB00BF8124 /* gray-selected.png in Resources */ = {isa = PBXBuildFile; fileRef = 20E52291206C27AA00BF8124 /* gray-selected.png */; };
		20E52298206C27AB00BF8124 /* red-unselected.png in Resources */ = {isa = PBXBuildFile; fileRef = 20E52292206C27AA00BF8124 /* red-unselected.png */; };
		20E52299206C27AB00BF8124 /* blue-unselected.png in Resources */ = {isa = PBXBuildFile; fileRef = 20E52293206C27AA00BF8124 /* blue-unselected.png */; };
		20E5229A206C27AB00BF8124 /* blue-selected.png in Resources */ = {isa = PBXBuildFile; fileRef = 20E52294206C27AA00BF8124 /* blue-selected.png */; };
		20E5229C206C37A400BF8124 /* power-cube.png in Resources */ = {isa = PBXBuildFile; fileRef = 20E5229B206C37A400BF8124 /* power-cube.png */; };
		20E522A0206C386300BF8124 /* levitate.png in Resources */ = {isa = PBXBuildFile; fileRef = 20E5229D206C386200BF8124 /* levitate.png */; };
		20E522A1206C386300BF8124 /* boost.png in Resources */ = {isa = PBXBuildFile; fileRef = 20E5229E206C386200BF8124 /* boost.png */; };
		20E522A2206C386300BF8124 /* force.png in Resources */ = {isa = PBXBuildFile; fileRef = 20E5229F206C386300BF8124 /* force.png */; };
		20E522A4206CC22A00BF8124 /* power-up.png in Resources */ = {isa = PBXBuildFile; fileRef = 20E522A3206CC22900BF8124 /* power-up.png */; };
		20E522A8206CC25300BF8124 /* warlords.png in Resources */ = {isa = PBXBuildFile; fileRef = 20E522A7206CC25300BF8124 /* warlords.png */; };
		20E522AA206CCAF200BF8124 /* ScaleSwitchViewController.swift in Sources */ = {isa = PBXBuildFile; fileRef = 20E522A9206CCAF200BF8124 /* ScaleSwitchViewController.swift */; };
		20E522AD206D51F100BF8124 /* SettingsViewController.swift in Sources */ = {isa = PBXBuildFile; fileRef = 20E522AC206D51F100BF8124 /* SettingsViewController.swift */; };
		20E522B1206D591B00BF8124 /* GameState.swift in Sources */ = {isa = PBXBuildFile; fileRef = 20E522B0206D591B00BF8124 /* GameState.swift */; };
		616A8F03B3EC4A7AF3F92ABF /* Pods_PowerUpScoring.framework in Frameworks */ = {isa = PBXBuildFile; fileRef = 8E92FFA4DA435C617E5AE893 /* Pods_PowerUpScoring.framework */; };
		CA64B1DA168F10F5222769EE /* Pods_PowerUpScoringUITests.framework in Frameworks */ = {isa = PBXBuildFile; fileRef = 426A57F3DBCC00976C2FD302 /* Pods_PowerUpScoringUITests.framework */; };
		ECB57D8AE1B6882CFC8A5500 /* Pods_PowerUpScoringTests.framework in Frameworks */ = {isa = PBXBuildFile; fileRef = A906D281946AD67C1D6A2F57 /* Pods_PowerUpScoringTests.framework */; };
/* End PBXBuildFile section */

/* Begin PBXContainerItemProxy section */
		20E52266206C03E500BF8124 /* PBXContainerItemProxy */ = {
			isa = PBXContainerItemProxy;
			containerPortal = 20E52247206C03E500BF8124 /* Project object */;
			proxyType = 1;
			remoteGlobalIDString = 20E5224E206C03E500BF8124;
			remoteInfo = PowerUpScoring;
		};
		20E52271206C03E500BF8124 /* PBXContainerItemProxy */ = {
			isa = PBXContainerItemProxy;
			containerPortal = 20E52247206C03E500BF8124 /* Project object */;
			proxyType = 1;
			remoteGlobalIDString = 20E5224E206C03E500BF8124;
			remoteInfo = PowerUpScoring;
		};
/* End PBXContainerItemProxy section */

/* Begin PBXFileReference section */
		15EBD3FC8DC18169F5B1E4DF /* Pods-PowerUpScoringTests.debug.xcconfig */ = {isa = PBXFileReference; includeInIndex = 1; lastKnownFileType = text.xcconfig; name = "Pods-PowerUpScoringTests.debug.xcconfig"; path = "Pods/Target Support Files/Pods-PowerUpScoringTests/Pods-PowerUpScoringTests.debug.xcconfig"; sourceTree = "<group>"; };
		1E5472A1F0EB21622B3778C7 /* Pods-PowerUpScoring.release.xcconfig */ = {isa = PBXFileReference; includeInIndex = 1; lastKnownFileType = text.xcconfig; name = "Pods-PowerUpScoring.release.xcconfig"; path = "Pods/Target Support Files/Pods-PowerUpScoring/Pods-PowerUpScoring.release.xcconfig"; sourceTree = "<group>"; };
		205CBEC62097F86100BE0A94 /* power-cube-gray.png */ = {isa = PBXFileReference; lastKnownFileType = image.png; path = "power-cube-gray.png"; sourceTree = "<group>"; };
		205CBEC82097F87100BE0A94 /* boost-gray.png */ = {isa = PBXFileReference; lastKnownFileType = image.png; path = "boost-gray.png"; sourceTree = "<group>"; };
		205CBEC92097F87200BE0A94 /* levitate-gray.png */ = {isa = PBXFileReference; lastKnownFileType = image.png; path = "levitate-gray.png"; sourceTree = "<group>"; };
		205CBECA2097F87200BE0A94 /* force-gray.png */ = {isa = PBXFileReference; lastKnownFileType = image.png; path = "force-gray.png"; sourceTree = "<group>"; };
		2084FF342097F26B0098373C /* HumanPlayerViewController.swift */ = {isa = PBXFileReference; lastKnownFileType = sourcecode.swift; path = HumanPlayerViewController.swift; sourceTree = "<group>"; };
		20E5224F206C03E500BF8124 /* PowerUpScoring.app */ = {isa = PBXFileReference; explicitFileType = wrapper.application; includeInIndex = 0; path = PowerUpScoring.app; sourceTree = BUILT_PRODUCTS_DIR; };
		20E52252206C03E500BF8124 /* AppDelegate.swift */ = {isa = PBXFileReference; lastKnownFileType = sourcecode.swift; path = AppDelegate.swift; sourceTree = "<group>"; };
		20E52259206C03E500BF8124 /* Base */ = {isa = PBXFileReference; lastKnownFileType = file.storyboard; name = Base; path = Base.lproj/Main.storyboard; sourceTree = "<group>"; };
		20E5225B206C03E500BF8124 /* Assets.xcassets */ = {isa = PBXFileReference; lastKnownFileType = folder.assetcatalog; path = Assets.xcassets; sourceTree = "<group>"; };
		20E5225E206C03E500BF8124 /* Base */ = {isa = PBXFileReference; lastKnownFileType = file.storyboard; name = Base; path = Base.lproj/LaunchScreen.storyboard; sourceTree = "<group>"; };
		20E52260206C03E500BF8124 /* Info.plist */ = {isa = PBXFileReference; lastKnownFileType = text.plist.xml; path = Info.plist; sourceTree = "<group>"; };
		20E52265206C03E500BF8124 /* PowerUpScoringTests.xctest */ = {isa = PBXFileReference; explicitFileType = wrapper.cfbundle; includeInIndex = 0; path = PowerUpScoringTests.xctest; sourceTree = BUILT_PRODUCTS_DIR; };
		20E52269206C03E500BF8124 /* PowerUpScoringTests.swift */ = {isa = PBXFileReference; lastKnownFileType = sourcecode.swift; path = PowerUpScoringTests.swift; sourceTree = "<group>"; };
		20E5226B206C03E500BF8124 /* Info.plist */ = {isa = PBXFileReference; lastKnownFileType = text.plist.xml; path = Info.plist; sourceTree = "<group>"; };
		20E52270206C03E500BF8124 /* PowerUpScoringUITests.xctest */ = {isa = PBXFileReference; explicitFileType = wrapper.cfbundle; includeInIndex = 0; path = PowerUpScoringUITests.xctest; sourceTree = BUILT_PRODUCTS_DIR; };
		20E52274206C03E500BF8124 /* PowerUpScoringUITests.swift */ = {isa = PBXFileReference; lastKnownFileType = sourcecode.swift; path = PowerUpScoringUITests.swift; sourceTree = "<group>"; };
		20E52276206C03E500BF8124 /* Info.plist */ = {isa = PBXFileReference; lastKnownFileType = text.plist.xml; path = Info.plist; sourceTree = "<group>"; };
		20E52283206C0FAF00BF8124 /* scale-gray.png */ = {isa = PBXFileReference; lastKnownFileType = image.png; path = "scale-gray.png"; sourceTree = "<group>"; };
		20E52284206C0FAF00BF8124 /* scale-blue.png */ = {isa = PBXFileReference; lastKnownFileType = image.png; path = "scale-blue.png"; sourceTree = "<group>"; };
		20E52285206C0FAF00BF8124 /* scale-red.png */ = {isa = PBXFileReference; lastKnownFileType = image.png; path = "scale-red.png"; sourceTree = "<group>"; };
		20E52286206C0FAF00BF8124 /* switch-blue.png */ = {isa = PBXFileReference; lastKnownFileType = image.png; path = "switch-blue.png"; sourceTree = "<group>"; };
		20E52287206C0FAF00BF8124 /* switch-red.png */ = {isa = PBXFileReference; lastKnownFileType = image.png; path = "switch-red.png"; sourceTree = "<group>"; };
		20E52288206C0FAF00BF8124 /* switch-gray.png */ = {isa = PBXFileReference; lastKnownFileType = image.png; path = "switch-gray.png"; sourceTree = "<group>"; };
		20E5228F206C27AA00BF8124 /* red-selected.png */ = {isa = PBXFileReference; lastKnownFileType = image.png; path = "red-selected.png"; sourceTree = "<group>"; };
		20E52290206C27AA00BF8124 /* gray-unselected.png */ = {isa = PBXFileReference; lastKnownFileType = image.png; path = "gray-unselected.png"; sourceTree = "<group>"; };
		20E52291206C27AA00BF8124 /* gray-selected.png */ = {isa = PBXFileReference; lastKnownFileType = image.png; path = "gray-selected.png"; sourceTree = "<group>"; };
		20E52292206C27AA00BF8124 /* red-unselected.png */ = {isa = PBXFileReference; lastKnownFileType = image.png; path = "red-unselected.png"; sourceTree = "<group>"; };
		20E52293206C27AA00BF8124 /* blue-unselected.png */ = {isa = PBXFileReference; lastKnownFileType = image.png; path = "blue-unselected.png"; sourceTree = "<group>"; };
		20E52294206C27AA00BF8124 /* blue-selected.png */ = {isa = PBXFileReference; lastKnownFileType = image.png; path = "blue-selected.png"; sourceTree = "<group>"; };
		20E5229B206C37A400BF8124 /* power-cube.png */ = {isa = PBXFileReference; lastKnownFileType = image.png; path = "power-cube.png"; sourceTree = "<group>"; };
		20E5229D206C386200BF8124 /* levitate.png */ = {isa = PBXFileReference; lastKnownFileType = image.png; path = levitate.png; sourceTree = "<group>"; };
		20E5229E206C386200BF8124 /* boost.png */ = {isa = PBXFileReference; lastKnownFileType = image.png; path = boost.png; sourceTree = "<group>"; };
		20E5229F206C386300BF8124 /* force.png */ = {isa = PBXFileReference; lastKnownFileType = image.png; path = force.png; sourceTree = "<group>"; };
		20E522A3206CC22900BF8124 /* power-up.png */ = {isa = PBXFileReference; lastKnownFileType = image.png; path = "power-up.png"; sourceTree = "<group>"; };
		20E522A7206CC25300BF8124 /* warlords.png */ = {isa = PBXFileReference; lastKnownFileType = image.png; path = warlords.png; sourceTree = "<group>"; };
		20E522A9206CCAF200BF8124 /* ScaleSwitchViewController.swift */ = {isa = PBXFileReference; lastKnownFileType = sourcecode.swift; path = ScaleSwitchViewController.swift; sourceTree = "<group>"; };
		20E522AC206D51F100BF8124 /* SettingsViewController.swift */ = {isa = PBXFileReference; lastKnownFileType = sourcecode.swift; path = SettingsViewController.swift; sourceTree = "<group>"; };
		20E522B0206D591B00BF8124 /* GameState.swift */ = {isa = PBXFileReference; lastKnownFileType = sourcecode.swift; path = GameState.swift; sourceTree = "<group>"; };
		426A57F3DBCC00976C2FD302 /* Pods_PowerUpScoringUITests.framework */ = {isa = PBXFileReference; explicitFileType = wrapper.framework; includeInIndex = 0; path = Pods_PowerUpScoringUITests.framework; sourceTree = BUILT_PRODUCTS_DIR; };
		5E429E2937AA81E501BA4103 /* Pods-PowerUpScoringUITests.release.xcconfig */ = {isa = PBXFileReference; includeInIndex = 1; lastKnownFileType = text.xcconfig; name = "Pods-PowerUpScoringUITests.release.xcconfig"; path = "Pods/Target Support Files/Pods-PowerUpScoringUITests/Pods-PowerUpScoringUITests.release.xcconfig"; sourceTree = "<group>"; };
		7E5A70EA830733646E8EED9E /* Pods-PowerUpScoringTests.release.xcconfig */ = {isa = PBXFileReference; includeInIndex = 1; lastKnownFileType = text.xcconfig; name = "Pods-PowerUpScoringTests.release.xcconfig"; path = "Pods/Target Support Files/Pods-PowerUpScoringTests/Pods-PowerUpScoringTests.release.xcconfig"; sourceTree = "<group>"; };
		8502C469492AFA0B81C01B9E /* Pods-PowerUpScoring.debug.xcconfig */ = {isa = PBXFileReference; includeInIndex = 1; lastKnownFileType = text.xcconfig; name = "Pods-PowerUpScoring.debug.xcconfig"; path = "Pods/Target Support Files/Pods-PowerUpScoring/Pods-PowerUpScoring.debug.xcconfig"; sourceTree = "<group>"; };
		8E92FFA4DA435C617E5AE893 /* Pods_PowerUpScoring.framework */ = {isa = PBXFileReference; explicitFileType = wrapper.framework; includeInIndex = 0; path = Pods_PowerUpScoring.framework; sourceTree = BUILT_PRODUCTS_DIR; };
		A906D281946AD67C1D6A2F57 /* Pods_PowerUpScoringTests.framework */ = {isa = PBXFileReference; explicitFileType = wrapper.framework; includeInIndex = 0; path = Pods_PowerUpScoringTests.framework; sourceTree = BUILT_PRODUCTS_DIR; };
		B8517CCF7A7E19CB89E9E069 /* Pods-PowerUpScoringUITests.debug.xcconfig */ = {isa = PBXFileReference; includeInIndex = 1; lastKnownFileType = text.xcconfig; name = "Pods-PowerUpScoringUITests.debug.xcconfig"; path = "Pods/Target Support Files/Pods-PowerUpScoringUITests/Pods-PowerUpScoringUITests.debug.xcconfig"; sourceTree = "<group>"; };
/* End PBXFileReference section */

/* Begin PBXFrameworksBuildPhase section */
		20E5224C206C03E500BF8124 /* Frameworks */ = {
			isa = PBXFrameworksBuildPhase;
			buildActionMask = 2147483647;
			files = (
				616A8F03B3EC4A7AF3F92ABF /* Pods_PowerUpScoring.framework in Frameworks */,
			);
			runOnlyForDeploymentPostprocessing = 0;
		};
		20E52262206C03E500BF8124 /* Frameworks */ = {
			isa = PBXFrameworksBuildPhase;
			buildActionMask = 2147483647;
			files = (
				ECB57D8AE1B6882CFC8A5500 /* Pods_PowerUpScoringTests.framework in Frameworks */,
			);
			runOnlyForDeploymentPostprocessing = 0;
		};
		20E5226D206C03E500BF8124 /* Frameworks */ = {
			isa = PBXFrameworksBuildPhase;
			buildActionMask = 2147483647;
			files = (
				CA64B1DA168F10F5222769EE /* Pods_PowerUpScoringUITests.framework in Frameworks */,
			);
			runOnlyForDeploymentPostprocessing = 0;
		};
/* End PBXFrameworksBuildPhase section */

/* Begin PBXGroup section */
		1EFA87886AD19FD17F5B9165 /* Frameworks */ = {
			isa = PBXGroup;
			children = (
				8E92FFA4DA435C617E5AE893 /* Pods_PowerUpScoring.framework */,
				A906D281946AD67C1D6A2F57 /* Pods_PowerUpScoringTests.framework */,
				426A57F3DBCC00976C2FD302 /* Pods_PowerUpScoringUITests.framework */,
			);
			name = Frameworks;
			sourceTree = "<group>";
		};
		20E52246206C03E500BF8124 = {
			isa = PBXGroup;
			children = (
				20E52251206C03E500BF8124 /* PowerUpScoring */,
				20E52268206C03E500BF8124 /* PowerUpScoringTests */,
				20E52273206C03E500BF8124 /* PowerUpScoringUITests */,
				20E52250206C03E500BF8124 /* Products */,
				4D6DBDD960A13E88A8447D8F /* Pods */,
				1EFA87886AD19FD17F5B9165 /* Frameworks */,
			);
			sourceTree = "<group>";
		};
		20E52250206C03E500BF8124 /* Products */ = {
			isa = PBXGroup;
			children = (
				20E5224F206C03E500BF8124 /* PowerUpScoring.app */,
				20E52265206C03E500BF8124 /* PowerUpScoringTests.xctest */,
				20E52270206C03E500BF8124 /* PowerUpScoringUITests.xctest */,
			);
			name = Products;
			sourceTree = "<group>";
		};
		20E52251206C03E500BF8124 /* PowerUpScoring */ = {
			isa = PBXGroup;
			children = (
				20E522B2206D597500BF8124 /* Source */,
				20E522AB206D504800BF8124 /* Images */,
				20E52258206C03E500BF8124 /* Main.storyboard */,
				20E5225B206C03E500BF8124 /* Assets.xcassets */,
				20E5225D206C03E500BF8124 /* LaunchScreen.storyboard */,
				20E52260206C03E500BF8124 /* Info.plist */,
			);
			path = PowerUpScoring;
			sourceTree = "<group>";
		};
		20E52268206C03E500BF8124 /* PowerUpScoringTests */ = {
			isa = PBXGroup;
			children = (
				20E52269206C03E500BF8124 /* PowerUpScoringTests.swift */,
				20E5226B206C03E500BF8124 /* Info.plist */,
			);
			path = PowerUpScoringTests;
			sourceTree = "<group>";
		};
		20E52273206C03E500BF8124 /* PowerUpScoringUITests */ = {
			isa = PBXGroup;
			children = (
				20E52274206C03E500BF8124 /* PowerUpScoringUITests.swift */,
				20E52276206C03E500BF8124 /* Info.plist */,
			);
			path = PowerUpScoringUITests;
			sourceTree = "<group>";
		};
		20E52282206C0FAF00BF8124 /* switch:scale */ = {
			isa = PBXGroup;
			children = (
				20E52283206C0FAF00BF8124 /* scale-gray.png */,
				20E52284206C0FAF00BF8124 /* scale-blue.png */,
				20E52285206C0FAF00BF8124 /* scale-red.png */,
				20E52286206C0FAF00BF8124 /* switch-blue.png */,
				20E52287206C0FAF00BF8124 /* switch-red.png */,
				20E52288206C0FAF00BF8124 /* switch-gray.png */,
			);
			path = "switch:scale";
			sourceTree = "<group>";
		};
		20E522AB206D504800BF8124 /* Images */ = {
			isa = PBXGroup;
			children = (
				205CBEC82097F87100BE0A94 /* boost-gray.png */,
				205CBECA2097F87200BE0A94 /* force-gray.png */,
				205CBEC92097F87200BE0A94 /* levitate-gray.png */,
				20E52282206C0FAF00BF8124 /* switch:scale */,
				20E522A7206CC25300BF8124 /* warlords.png */,
				20E522A3206CC22900BF8124 /* power-up.png */,
				20E5229E206C386200BF8124 /* boost.png */,
				20E5229F206C386300BF8124 /* force.png */,
				20E5229D206C386200BF8124 /* levitate.png */,
				20E5229B206C37A400BF8124 /* power-cube.png */,
				20E52294206C27AA00BF8124 /* blue-selected.png */,
				205CBEC62097F86100BE0A94 /* power-cube-gray.png */,
				20E52293206C27AA00BF8124 /* blue-unselected.png */,
				20E52291206C27AA00BF8124 /* gray-selected.png */,
				20E52290206C27AA00BF8124 /* gray-unselected.png */,
				20E5228F206C27AA00BF8124 /* red-selected.png */,
				20E52292206C27AA00BF8124 /* red-unselected.png */,
			);
			path = Images;
			sourceTree = "<group>";
		};
		20E522B2206D597500BF8124 /* Source */ = {
			isa = PBXGroup;
			children = (
				2084FF342097F26B0098373C /* HumanPlayerViewController.swift */,
				20E522B0206D591B00BF8124 /* GameState.swift */,
				20E522A9206CCAF200BF8124 /* ScaleSwitchViewController.swift */,
				20E522AC206D51F100BF8124 /* SettingsViewController.swift */,
				20E52252206C03E500BF8124 /* AppDelegate.swift */,
			);
			path = Source;
			sourceTree = "<group>";
		};
		4D6DBDD960A13E88A8447D8F /* Pods */ = {
			isa = PBXGroup;
			children = (
				8502C469492AFA0B81C01B9E /* Pods-PowerUpScoring.debug.xcconfig */,
				1E5472A1F0EB21622B3778C7 /* Pods-PowerUpScoring.release.xcconfig */,
				15EBD3FC8DC18169F5B1E4DF /* Pods-PowerUpScoringTests.debug.xcconfig */,
				7E5A70EA830733646E8EED9E /* Pods-PowerUpScoringTests.release.xcconfig */,
				B8517CCF7A7E19CB89E9E069 /* Pods-PowerUpScoringUITests.debug.xcconfig */,
				5E429E2937AA81E501BA4103 /* Pods-PowerUpScoringUITests.release.xcconfig */,
			);
			name = Pods;
			sourceTree = "<group>";
		};
/* End PBXGroup section */

/* Begin PBXNativeTarget section */
		20E5224E206C03E500BF8124 /* PowerUpScoring */ = {
			isa = PBXNativeTarget;
			buildConfigurationList = 20E52279206C03E500BF8124 /* Build configuration list for PBXNativeTarget "PowerUpScoring" */;
			buildPhases = (
				E9719597224C860BB5188934 /* [CP] Check Pods Manifest.lock */,
				20E5224B206C03E500BF8124 /* Sources */,
				20E5224C206C03E500BF8124 /* Frameworks */,
				20E5224D206C03E500BF8124 /* Resources */,
				512B7E8111A79D84BD384ED9 /* [CP] Embed Pods Frameworks */,
				0F1AE817640AE4035ABA1721 /* [CP] Copy Pods Resources */,
			);
			buildRules = (
			);
			dependencies = (
			);
			name = PowerUpScoring;
			productName = PowerUpScoring;
			productReference = 20E5224F206C03E500BF8124 /* PowerUpScoring.app */;
			productType = "com.apple.product-type.application";
		};
		20E52264206C03E500BF8124 /* PowerUpScoringTests */ = {
			isa = PBXNativeTarget;
			buildConfigurationList = 20E5227C206C03E500BF8124 /* Build configuration list for PBXNativeTarget "PowerUpScoringTests" */;
			buildPhases = (
				F7D386A00A1B48A435D239D2 /* [CP] Check Pods Manifest.lock */,
				20E52261206C03E500BF8124 /* Sources */,
				20E52262206C03E500BF8124 /* Frameworks */,
				20E52263206C03E500BF8124 /* Resources */,
				E10EF2E82BA3D6B9832C9CFB /* [CP] Embed Pods Frameworks */,
				0838A4526004C28517754AF8 /* [CP] Copy Pods Resources */,
			);
			buildRules = (
			);
			dependencies = (
				20E52267206C03E500BF8124 /* PBXTargetDependency */,
			);
			name = PowerUpScoringTests;
			productName = PowerUpScoringTests;
			productReference = 20E52265206C03E500BF8124 /* PowerUpScoringTests.xctest */;
			productType = "com.apple.product-type.bundle.unit-test";
		};
		20E5226F206C03E500BF8124 /* PowerUpScoringUITests */ = {
			isa = PBXNativeTarget;
			buildConfigurationList = 20E5227F206C03E500BF8124 /* Build configuration list for PBXNativeTarget "PowerUpScoringUITests" */;
			buildPhases = (
				95F19CB62A3A50ABBAC1056F /* [CP] Check Pods Manifest.lock */,
				20E5226C206C03E500BF8124 /* Sources */,
				20E5226D206C03E500BF8124 /* Frameworks */,
				20E5226E206C03E500BF8124 /* Resources */,
				CDA6B49507960A8803F9F9D7 /* [CP] Embed Pods Frameworks */,
				642597D7F4D5C46D87F96B76 /* [CP] Copy Pods Resources */,
			);
			buildRules = (
			);
			dependencies = (
				20E52272206C03E500BF8124 /* PBXTargetDependency */,
			);
			name = PowerUpScoringUITests;
			productName = PowerUpScoringUITests;
			productReference = 20E52270206C03E500BF8124 /* PowerUpScoringUITests.xctest */;
			productType = "com.apple.product-type.bundle.ui-testing";
		};
/* End PBXNativeTarget section */

/* Begin PBXProject section */
		20E52247206C03E500BF8124 /* Project object */ = {
			isa = PBXProject;
			attributes = {
				LastSwiftUpdateCheck = 0920;
				LastUpgradeCheck = 0930;
				ORGANIZATIONNAME = "Jeremy McCulloch";
				TargetAttributes = {
					20E5224E206C03E500BF8124 = {
						CreatedOnToolsVersion = 9.2;
						ProvisioningStyle = Automatic;
					};
					20E52264206C03E500BF8124 = {
						CreatedOnToolsVersion = 9.2;
						ProvisioningStyle = Automatic;
						TestTargetID = 20E5224E206C03E500BF8124;
					};
					20E5226F206C03E500BF8124 = {
						CreatedOnToolsVersion = 9.2;
						ProvisioningStyle = Automatic;
						TestTargetID = 20E5224E206C03E500BF8124;
					};
				};
			};
			buildConfigurationList = 20E5224A206C03E500BF8124 /* Build configuration list for PBXProject "PowerUpScoring" */;
			compatibilityVersion = "Xcode 8.0";
			developmentRegion = en;
			hasScannedForEncodings = 0;
			knownRegions = (
				en,
				Base,
			);
			mainGroup = 20E52246206C03E500BF8124;
			productRefGroup = 20E52250206C03E500BF8124 /* Products */;
			projectDirPath = "";
			projectRoot = "";
			targets = (
				20E5224E206C03E500BF8124 /* PowerUpScoring */,
				20E52264206C03E500BF8124 /* PowerUpScoringTests */,
				20E5226F206C03E500BF8124 /* PowerUpScoringUITests */,
			);
		};
/* End PBXProject section */

/* Begin PBXResourcesBuildPhase section */
		20E5224D206C03E500BF8124 /* Resources */ = {
			isa = PBXResourcesBuildPhase;
			buildActionMask = 2147483647;
			files = (
				20E5225F206C03E500BF8124 /* LaunchScreen.storyboard in Resources */,
				20E522A8206CC25300BF8124 /* warlords.png in Resources */,
				205CBECC2097F87300BE0A94 /* levitate-gray.png in Resources */,
				20E522A2206C386300BF8124 /* force.png in Resources */,
				20E52298206C27AB00BF8124 /* red-unselected.png in Resources */,
				20E52297206C27AB00BF8124 /* gray-selected.png in Resources */,
				20E52289206C0FAF00BF8124 /* scale-gray.png in Resources */,
				20E5228B206C0FAF00BF8124 /* scale-red.png in Resources */,
				205CBEC72097F86200BE0A94 /* power-cube-gray.png in Resources */,
				205CBECB2097F87300BE0A94 /* boost-gray.png in Resources */,
				20E522A0206C386300BF8124 /* levitate.png in Resources */,
				20E5228D206C0FAF00BF8124 /* switch-red.png in Resources */,
				20E5225C206C03E500BF8124 /* Assets.xcassets in Resources */,
				205CBECD2097F87300BE0A94 /* force-gray.png in Resources */,
				20E522A4206CC22A00BF8124 /* power-up.png in Resources */,
				20E52296206C27AB00BF8124 /* gray-unselected.png in Resources */,
				20E5228C206C0FAF00BF8124 /* switch-blue.png in Resources */,
				20E5229C206C37A400BF8124 /* power-cube.png in Resources */,
				20E522A1206C386300BF8124 /* boost.png in Resources */,
				20E5228E206C0FAF00BF8124 /* switch-gray.png in Resources */,
				20E5225A206C03E500BF8124 /* Main.storyboard in Resources */,
				20E52299206C27AB00BF8124 /* blue-unselected.png in Resources */,
				20E5229A206C27AB00BF8124 /* blue-selected.png in Resources */,
				20E52295206C27AB00BF8124 /* red-selected.png in Resources */,
				20E5228A206C0FAF00BF8124 /* scale-blue.png in Resources */,
			);
			runOnlyForDeploymentPostprocessing = 0;
		};
		20E52263206C03E500BF8124 /* Resources */ = {
			isa = PBXResourcesBuildPhase;
			buildActionMask = 2147483647;
			files = (
			);
			runOnlyForDeploymentPostprocessing = 0;
		};
		20E5226E206C03E500BF8124 /* Resources */ = {
			isa = PBXResourcesBuildPhase;
			buildActionMask = 2147483647;
			files = (
			);
			runOnlyForDeploymentPostprocessing = 0;
		};
/* End PBXResourcesBuildPhase section */

/* Begin PBXShellScriptBuildPhase section */
		0838A4526004C28517754AF8 /* [CP] Copy Pods Resources */ = {
			isa = PBXShellScriptBuildPhase;
			buildActionMask = 2147483647;
			files = (
			);
			inputPaths = (
			);
			name = "[CP] Copy Pods Resources";
			outputPaths = (
			);
			runOnlyForDeploymentPostprocessing = 0;
			shellPath = /bin/sh;
			shellScript = "\"${SRCROOT}/Pods/Target Support Files/Pods-PowerUpScoringTests/Pods-PowerUpScoringTests-resources.sh\"\n";
			showEnvVarsInLog = 0;
		};
		0F1AE817640AE4035ABA1721 /* [CP] Copy Pods Resources */ = {
			isa = PBXShellScriptBuildPhase;
			buildActionMask = 2147483647;
			files = (
			);
			inputPaths = (
			);
			name = "[CP] Copy Pods Resources";
			outputPaths = (
			);
			runOnlyForDeploymentPostprocessing = 0;
			shellPath = /bin/sh;
			shellScript = "\"${SRCROOT}/Pods/Target Support Files/Pods-PowerUpScoring/Pods-PowerUpScoring-resources.sh\"\n";
			showEnvVarsInLog = 0;
		};
		512B7E8111A79D84BD384ED9 /* [CP] Embed Pods Frameworks */ = {
			isa = PBXShellScriptBuildPhase;
			buildActionMask = 2147483647;
			files = (
			);
			inputPaths = (
				"${SRCROOT}/Pods/Target Support Files/Pods-PowerUpScoring/Pods-PowerUpScoring-frameworks.sh",
				"${BUILT_PRODUCTS_DIR}/Socket.IO-Client-Swift/SocketIO.framework",
				"${BUILT_PRODUCTS_DIR}/Starscream/Starscream.framework",
			);
			name = "[CP] Embed Pods Frameworks";
			outputPaths = (
				"${TARGET_BUILD_DIR}/${FRAMEWORKS_FOLDER_PATH}/SocketIO.framework",
				"${TARGET_BUILD_DIR}/${FRAMEWORKS_FOLDER_PATH}/Starscream.framework",
			);
			runOnlyForDeploymentPostprocessing = 0;
			shellPath = /bin/sh;
			shellScript = "\"${SRCROOT}/Pods/Target Support Files/Pods-PowerUpScoring/Pods-PowerUpScoring-frameworks.sh\"\n";
			showEnvVarsInLog = 0;
		};
		642597D7F4D5C46D87F96B76 /* [CP] Copy Pods Resources */ = {
			isa = PBXShellScriptBuildPhase;
			buildActionMask = 2147483647;
			files = (
			);
			inputPaths = (
			);
			name = "[CP] Copy Pods Resources";
			outputPaths = (
			);
			runOnlyForDeploymentPostprocessing = 0;
			shellPath = /bin/sh;
			shellScript = "\"${SRCROOT}/Pods/Target Support Files/Pods-PowerUpScoringUITests/Pods-PowerUpScoringUITests-resources.sh\"\n";
			showEnvVarsInLog = 0;
		};
		95F19CB62A3A50ABBAC1056F /* [CP] Check Pods Manifest.lock */ = {
			isa = PBXShellScriptBuildPhase;
			buildActionMask = 2147483647;
			files = (
			);
			inputPaths = (
				"${PODS_PODFILE_DIR_PATH}/Podfile.lock",
				"${PODS_ROOT}/Manifest.lock",
			);
			name = "[CP] Check Pods Manifest.lock";
			outputPaths = (
				"$(DERIVED_FILE_DIR)/Pods-PowerUpScoringUITests-checkManifestLockResult.txt",
			);
			runOnlyForDeploymentPostprocessing = 0;
			shellPath = /bin/sh;
			shellScript = "diff \"${PODS_PODFILE_DIR_PATH}/Podfile.lock\" \"${PODS_ROOT}/Manifest.lock\" > /dev/null\nif [ $? != 0 ] ; then\n    # print error to STDERR\n    echo \"error: The sandbox is not in sync with the Podfile.lock. Run 'pod install' or update your CocoaPods installation.\" >&2\n    exit 1\nfi\n# This output is used by Xcode 'outputs' to avoid re-running this script phase.\necho \"SUCCESS\" > \"${SCRIPT_OUTPUT_FILE_0}\"\n";
			showEnvVarsInLog = 0;
		};
		CDA6B49507960A8803F9F9D7 /* [CP] Embed Pods Frameworks */ = {
			isa = PBXShellScriptBuildPhase;
			buildActionMask = 2147483647;
			files = (
			);
			inputPaths = (
			);
			name = "[CP] Embed Pods Frameworks";
			outputPaths = (
			);
			runOnlyForDeploymentPostprocessing = 0;
			shellPath = /bin/sh;
			shellScript = "\"${SRCROOT}/Pods/Target Support Files/Pods-PowerUpScoringUITests/Pods-PowerUpScoringUITests-frameworks.sh\"\n";
			showEnvVarsInLog = 0;
		};
		E10EF2E82BA3D6B9832C9CFB /* [CP] Embed Pods Frameworks */ = {
			isa = PBXShellScriptBuildPhase;
			buildActionMask = 2147483647;
			files = (
			);
			inputPaths = (
			);
			name = "[CP] Embed Pods Frameworks";
			outputPaths = (
			);
			runOnlyForDeploymentPostprocessing = 0;
			shellPath = /bin/sh;
			shellScript = "\"${SRCROOT}/Pods/Target Support Files/Pods-PowerUpScoringTests/Pods-PowerUpScoringTests-frameworks.sh\"\n";
			showEnvVarsInLog = 0;
		};
		E9719597224C860BB5188934 /* [CP] Check Pods Manifest.lock */ = {
			isa = PBXShellScriptBuildPhase;
			buildActionMask = 2147483647;
			files = (
			);
			inputPaths = (
				"${PODS_PODFILE_DIR_PATH}/Podfile.lock",
				"${PODS_ROOT}/Manifest.lock",
			);
			name = "[CP] Check Pods Manifest.lock";
			outputPaths = (
				"$(DERIVED_FILE_DIR)/Pods-PowerUpScoring-checkManifestLockResult.txt",
			);
			runOnlyForDeploymentPostprocessing = 0;
			shellPath = /bin/sh;
			shellScript = "diff \"${PODS_PODFILE_DIR_PATH}/Podfile.lock\" \"${PODS_ROOT}/Manifest.lock\" > /dev/null\nif [ $? != 0 ] ; then\n    # print error to STDERR\n    echo \"error: The sandbox is not in sync with the Podfile.lock. Run 'pod install' or update your CocoaPods installation.\" >&2\n    exit 1\nfi\n# This output is used by Xcode 'outputs' to avoid re-running this script phase.\necho \"SUCCESS\" > \"${SCRIPT_OUTPUT_FILE_0}\"\n";
			showEnvVarsInLog = 0;
		};
		F7D386A00A1B48A435D239D2 /* [CP] Check Pods Manifest.lock */ = {
			isa = PBXShellScriptBuildPhase;
			buildActionMask = 2147483647;
			files = (
			);
			inputPaths = (
				"${PODS_PODFILE_DIR_PATH}/Podfile.lock",
				"${PODS_ROOT}/Manifest.lock",
			);
			name = "[CP] Check Pods Manifest.lock";
			outputPaths = (
				"$(DERIVED_FILE_DIR)/Pods-PowerUpScoringTests-checkManifestLockResult.txt",
			);
			runOnlyForDeploymentPostprocessing = 0;
			shellPath = /bin/sh;
			shellScript = "diff \"${PODS_PODFILE_DIR_PATH}/Podfile.lock\" \"${PODS_ROOT}/Manifest.lock\" > /dev/null\nif [ $? != 0 ] ; then\n    # print error to STDERR\n    echo \"error: The sandbox is not in sync with the Podfile.lock. Run 'pod install' or update your CocoaPods installation.\" >&2\n    exit 1\nfi\n# This output is used by Xcode 'outputs' to avoid re-running this script phase.\necho \"SUCCESS\" > \"${SCRIPT_OUTPUT_FILE_0}\"\n";
			showEnvVarsInLog = 0;
		};
/* End PBXShellScriptBuildPhase section */

/* Begin PBXSourcesBuildPhase section */
		20E5224B206C03E500BF8124 /* Sources */ = {
			isa = PBXSourcesBuildPhase;
			buildActionMask = 2147483647;
			files = (
				20E52253206C03E500BF8124 /* AppDelegate.swift in Sources */,
				20E522B1206D591B00BF8124 /* GameState.swift in Sources */,
				20E522AA206CCAF200BF8124 /* ScaleSwitchViewController.swift in Sources */,
				2084FF352097F26B0098373C /* HumanPlayerViewController.swift in Sources */,
				20E522AD206D51F100BF8124 /* SettingsViewController.swift in Sources */,
			);
			runOnlyForDeploymentPostprocessing = 0;
		};
		20E52261206C03E500BF8124 /* Sources */ = {
			isa = PBXSourcesBuildPhase;
			buildActionMask = 2147483647;
			files = (
				20E5226A206C03E500BF8124 /* PowerUpScoringTests.swift in Sources */,
			);
			runOnlyForDeploymentPostprocessing = 0;
		};
		20E5226C206C03E500BF8124 /* Sources */ = {
			isa = PBXSourcesBuildPhase;
			buildActionMask = 2147483647;
			files = (
				20E52275206C03E500BF8124 /* PowerUpScoringUITests.swift in Sources */,
			);
			runOnlyForDeploymentPostprocessing = 0;
		};
/* End PBXSourcesBuildPhase section */

/* Begin PBXTargetDependency section */
		20E52267206C03E500BF8124 /* PBXTargetDependency */ = {
			isa = PBXTargetDependency;
			target = 20E5224E206C03E500BF8124 /* PowerUpScoring */;
			targetProxy = 20E52266206C03E500BF8124 /* PBXContainerItemProxy */;
		};
		20E52272206C03E500BF8124 /* PBXTargetDependency */ = {
			isa = PBXTargetDependency;
			target = 20E5224E206C03E500BF8124 /* PowerUpScoring */;
			targetProxy = 20E52271206C03E500BF8124 /* PBXContainerItemProxy */;
		};
/* End PBXTargetDependency section */

/* Begin PBXVariantGroup section */
		20E52258206C03E500BF8124 /* Main.storyboard */ = {
			isa = PBXVariantGroup;
			children = (
				20E52259206C03E500BF8124 /* Base */,
			);
			name = Main.storyboard;
			sourceTree = "<group>";
		};
		20E5225D206C03E500BF8124 /* LaunchScreen.storyboard */ = {
			isa = PBXVariantGroup;
			children = (
				20E5225E206C03E500BF8124 /* Base */,
			);
			name = LaunchScreen.storyboard;
			sourceTree = "<group>";
		};
/* End PBXVariantGroup section */

/* Begin XCBuildConfiguration section */
		20E52277206C03E500BF8124 /* Debug */ = {
			isa = XCBuildConfiguration;
			buildSettings = {
				ALWAYS_SEARCH_USER_PATHS = NO;
				CLANG_ANALYZER_NONNULL = YES;
				CLANG_ANALYZER_NUMBER_OBJECT_CONVERSION = YES_AGGRESSIVE;
				CLANG_CXX_LANGUAGE_STANDARD = "gnu++14";
				CLANG_CXX_LIBRARY = "libc++";
				CLANG_ENABLE_MODULES = YES;
				CLANG_ENABLE_OBJC_ARC = YES;
				CLANG_WARN_BLOCK_CAPTURE_AUTORELEASING = YES;
				CLANG_WARN_BOOL_CONVERSION = YES;
				CLANG_WARN_COMMA = YES;
				CLANG_WARN_CONSTANT_CONVERSION = YES;
				CLANG_WARN_DEPRECATED_OBJC_IMPLEMENTATIONS = YES;
				CLANG_WARN_DIRECT_OBJC_ISA_USAGE = YES_ERROR;
				CLANG_WARN_DOCUMENTATION_COMMENTS = YES;
				CLANG_WARN_EMPTY_BODY = YES;
				CLANG_WARN_ENUM_CONVERSION = YES;
				CLANG_WARN_INFINITE_RECURSION = YES;
				CLANG_WARN_INT_CONVERSION = YES;
				CLANG_WARN_NON_LITERAL_NULL_CONVERSION = YES;
				CLANG_WARN_OBJC_IMPLICIT_RETAIN_SELF = YES;
				CLANG_WARN_OBJC_LITERAL_CONVERSION = YES;
				CLANG_WARN_OBJC_ROOT_CLASS = YES_ERROR;
				CLANG_WARN_RANGE_LOOP_ANALYSIS = YES;
				CLANG_WARN_STRICT_PROTOTYPES = YES;
				CLANG_WARN_SUSPICIOUS_MOVE = YES;
				CLANG_WARN_UNGUARDED_AVAILABILITY = YES_AGGRESSIVE;
				CLANG_WARN_UNREACHABLE_CODE = YES;
				CLANG_WARN__DUPLICATE_METHOD_MATCH = YES;
				CODE_SIGN_IDENTITY = "iPhone Developer";
				COPY_PHASE_STRIP = NO;
				DEBUG_INFORMATION_FORMAT = dwarf;
				ENABLE_STRICT_OBJC_MSGSEND = YES;
				ENABLE_TESTABILITY = YES;
				GCC_C_LANGUAGE_STANDARD = gnu11;
				GCC_DYNAMIC_NO_PIC = NO;
				GCC_NO_COMMON_BLOCKS = YES;
				GCC_OPTIMIZATION_LEVEL = 0;
				GCC_PREPROCESSOR_DEFINITIONS = (
					"DEBUG=1",
					"$(inherited)",
				);
				GCC_WARN_64_TO_32_BIT_CONVERSION = YES;
				GCC_WARN_ABOUT_RETURN_TYPE = YES_ERROR;
				GCC_WARN_UNDECLARED_SELECTOR = YES;
				GCC_WARN_UNINITIALIZED_AUTOS = YES_AGGRESSIVE;
				GCC_WARN_UNUSED_FUNCTION = YES;
				GCC_WARN_UNUSED_VARIABLE = YES;
				IPHONEOS_DEPLOYMENT_TARGET = 11.2;
				MTL_ENABLE_DEBUG_INFO = YES;
				ONLY_ACTIVE_ARCH = YES;
				SDKROOT = iphoneos;
				SWIFT_ACTIVE_COMPILATION_CONDITIONS = DEBUG;
				SWIFT_OPTIMIZATION_LEVEL = "-Onone";
			};
			name = Debug;
		};
		20E52278206C03E500BF8124 /* Release */ = {
			isa = XCBuildConfiguration;
			buildSettings = {
				ALWAYS_SEARCH_USER_PATHS = NO;
				CLANG_ANALYZER_NONNULL = YES;
				CLANG_ANALYZER_NUMBER_OBJECT_CONVERSION = YES_AGGRESSIVE;
				CLANG_CXX_LANGUAGE_STANDARD = "gnu++14";
				CLANG_CXX_LIBRARY = "libc++";
				CLANG_ENABLE_MODULES = YES;
				CLANG_ENABLE_OBJC_ARC = YES;
				CLANG_WARN_BLOCK_CAPTURE_AUTORELEASING = YES;
				CLANG_WARN_BOOL_CONVERSION = YES;
				CLANG_WARN_COMMA = YES;
				CLANG_WARN_CONSTANT_CONVERSION = YES;
				CLANG_WARN_DEPRECATED_OBJC_IMPLEMENTATIONS = YES;
				CLANG_WARN_DIRECT_OBJC_ISA_USAGE = YES_ERROR;
				CLANG_WARN_DOCUMENTATION_COMMENTS = YES;
				CLANG_WARN_EMPTY_BODY = YES;
				CLANG_WARN_ENUM_CONVERSION = YES;
				CLANG_WARN_INFINITE_RECURSION = YES;
				CLANG_WARN_INT_CONVERSION = YES;
				CLANG_WARN_NON_LITERAL_NULL_CONVERSION = YES;
				CLANG_WARN_OBJC_IMPLICIT_RETAIN_SELF = YES;
				CLANG_WARN_OBJC_LITERAL_CONVERSION = YES;
				CLANG_WARN_OBJC_ROOT_CLASS = YES_ERROR;
				CLANG_WARN_RANGE_LOOP_ANALYSIS = YES;
				CLANG_WARN_STRICT_PROTOTYPES = YES;
				CLANG_WARN_SUSPICIOUS_MOVE = YES;
				CLANG_WARN_UNGUARDED_AVAILABILITY = YES_AGGRESSIVE;
				CLANG_WARN_UNREACHABLE_CODE = YES;
				CLANG_WARN__DUPLICATE_METHOD_MATCH = YES;
				CODE_SIGN_IDENTITY = "iPhone Developer";
				COPY_PHASE_STRIP = NO;
				DEBUG_INFORMATION_FORMAT = "dwarf-with-dsym";
				ENABLE_NS_ASSERTIONS = NO;
				ENABLE_STRICT_OBJC_MSGSEND = YES;
				GCC_C_LANGUAGE_STANDARD = gnu11;
				GCC_NO_COMMON_BLOCKS = YES;
				GCC_WARN_64_TO_32_BIT_CONVERSION = YES;
				GCC_WARN_ABOUT_RETURN_TYPE = YES_ERROR;
				GCC_WARN_UNDECLARED_SELECTOR = YES;
				GCC_WARN_UNINITIALIZED_AUTOS = YES_AGGRESSIVE;
				GCC_WARN_UNUSED_FUNCTION = YES;
				GCC_WARN_UNUSED_VARIABLE = YES;
				IPHONEOS_DEPLOYMENT_TARGET = 11.2;
				MTL_ENABLE_DEBUG_INFO = NO;
				SDKROOT = iphoneos;
				SWIFT_OPTIMIZATION_LEVEL = "-Owholemodule";
				VALIDATE_PRODUCT = YES;
			};
			name = Release;
		};
		20E5227A206C03E500BF8124 /* Debug */ = {
			isa = XCBuildConfiguration;
			baseConfigurationReference = 8502C469492AFA0B81C01B9E /* Pods-PowerUpScoring.debug.xcconfig */;
			buildSettings = {
				ASSETCATALOG_COMPILER_APPICON_NAME = AppIcon;
				CODE_SIGN_STYLE = Automatic;
				DEVELOPMENT_TEAM = 5YZSSM65UE;
				INFOPLIST_FILE = PowerUpScoring/Info.plist;
				LD_RUNPATH_SEARCH_PATHS = "$(inherited) @executable_path/Frameworks";
				PRODUCT_BUNDLE_IDENTIFIER = JeremyAppID.PowerUpScoring;
				PRODUCT_NAME = "$(TARGET_NAME)";
				SWIFT_VERSION = 4.0;
				TARGETED_DEVICE_FAMILY = "1,2";
			};
			name = Debug;
		};
		20E5227B206C03E500BF8124 /* Release */ = {
			isa = XCBuildConfiguration;
			baseConfigurationReference = 1E5472A1F0EB21622B3778C7 /* Pods-PowerUpScoring.release.xcconfig */;
			buildSettings = {
				ASSETCATALOG_COMPILER_APPICON_NAME = AppIcon;
				CODE_SIGN_STYLE = Automatic;
				DEVELOPMENT_TEAM = 5YZSSM65UE;
				INFOPLIST_FILE = PowerUpScoring/Info.plist;
				LD_RUNPATH_SEARCH_PATHS = "$(inherited) @executable_path/Frameworks";
				PRODUCT_BUNDLE_IDENTIFIER = JeremyAppID.PowerUpScoring;
				PRODUCT_NAME = "$(TARGET_NAME)";
				SWIFT_VERSION = 4.0;
				TARGETED_DEVICE_FAMILY = "1,2";
			};
			name = Release;
		};
		20E5227D206C03E500BF8124 /* Debug */ = {
			isa = XCBuildConfiguration;
			baseConfigurationReference = 15EBD3FC8DC18169F5B1E4DF /* Pods-PowerUpScoringTests.debug.xcconfig */;
			buildSettings = {
				ALWAYS_EMBED_SWIFT_STANDARD_LIBRARIES = YES;
				BUNDLE_LOADER = "$(TEST_HOST)";
				CODE_SIGN_STYLE = Automatic;
				DEVELOPMENT_TEAM = 5YZSSM65UE;
				INFOPLIST_FILE = PowerUpScoringTests/Info.plist;
				LD_RUNPATH_SEARCH_PATHS = "$(inherited) @executable_path/Frameworks @loader_path/Frameworks";
				PRODUCT_BUNDLE_IDENTIFIER = JeremyAppID.PowerUpScoringTests;
				PRODUCT_NAME = "$(TARGET_NAME)";
				SWIFT_VERSION = 4.0;
				TARGETED_DEVICE_FAMILY = "1,2";
				TEST_HOST = "$(BUILT_PRODUCTS_DIR)/PowerUpScoring.app/PowerUpScoring";
			};
			name = Debug;
		};
		20E5227E206C03E500BF8124 /* Release */ = {
			isa = XCBuildConfiguration;
			baseConfigurationReference = 7E5A70EA830733646E8EED9E /* Pods-PowerUpScoringTests.release.xcconfig */;
			buildSettings = {
				ALWAYS_EMBED_SWIFT_STANDARD_LIBRARIES = YES;
				BUNDLE_LOADER = "$(TEST_HOST)";
				CODE_SIGN_STYLE = Automatic;
				DEVELOPMENT_TEAM = 5YZSSM65UE;
				INFOPLIST_FILE = PowerUpScoringTests/Info.plist;
				LD_RUNPATH_SEARCH_PATHS = "$(inherited) @executable_path/Frameworks @loader_path/Frameworks";
				PRODUCT_BUNDLE_IDENTIFIER = JeremyAppID.PowerUpScoringTests;
				PRODUCT_NAME = "$(TARGET_NAME)";
				SWIFT_VERSION = 4.0;
				TARGETED_DEVICE_FAMILY = "1,2";
				TEST_HOST = "$(BUILT_PRODUCTS_DIR)/PowerUpScoring.app/PowerUpScoring";
			};
			name = Release;
		};
		20E52280206C03E500BF8124 /* Debug */ = {
			isa = XCBuildConfiguration;
			baseConfigurationReference = B8517CCF7A7E19CB89E9E069 /* Pods-PowerUpScoringUITests.debug.xcconfig */;
			buildSettings = {
				ALWAYS_EMBED_SWIFT_STANDARD_LIBRARIES = YES;
				CODE_SIGN_STYLE = Automatic;
				DEVELOPMENT_TEAM = 5YZSSM65UE;
				INFOPLIST_FILE = PowerUpScoringUITests/Info.plist;
				LD_RUNPATH_SEARCH_PATHS = "$(inherited) @executable_path/Frameworks @loader_path/Frameworks";
				PRODUCT_BUNDLE_IDENTIFIER = JeremyAppID.PowerUpScoringUITests;
				PRODUCT_NAME = "$(TARGET_NAME)";
				SWIFT_VERSION = 4.0;
				TARGETED_DEVICE_FAMILY = "1,2";
				TEST_TARGET_NAME = PowerUpScoring;
			};
			name = Debug;
		};
		20E52281206C03E500BF8124 /* Release */ = {
			isa = XCBuildConfiguration;
			baseConfigurationReference = 5E429E2937AA81E501BA4103 /* Pods-PowerUpScoringUITests.release.xcconfig */;
			buildSettings = {
				ALWAYS_EMBED_SWIFT_STANDARD_LIBRARIES = YES;
				CODE_SIGN_STYLE = Automatic;
				DEVELOPMENT_TEAM = 5YZSSM65UE;
				INFOPLIST_FILE = PowerUpScoringUITests/Info.plist;
				LD_RUNPATH_SEARCH_PATHS = "$(inherited) @executable_path/Frameworks @loader_path/Frameworks";
				PRODUCT_BUNDLE_IDENTIFIER = JeremyAppID.PowerUpScoringUITests;
				PRODUCT_NAME = "$(TARGET_NAME)";
				SWIFT_VERSION = 4.0;
				TARGETED_DEVICE_FAMILY = "1,2";
				TEST_TARGET_NAME = PowerUpScoring;
			};
			name = Release;
		};
/* End XCBuildConfiguration section */

/* Begin XCConfigurationList section */
		20E5224A206C03E500BF8124 /* Build configuration list for PBXProject "PowerUpScoring" */ = {
			isa = XCConfigurationList;
			buildConfigurations = (
				20E52277206C03E500BF8124 /* Debug */,
				20E52278206C03E500BF8124 /* Release */,
			);
			defaultConfigurationIsVisible = 0;
			defaultConfigurationName = Release;
		};
		20E52279206C03E500BF8124 /* Build configuration list for PBXNativeTarget "PowerUpScoring" */ = {
			isa = XCConfigurationList;
			buildConfigurations = (
				20E5227A206C03E500BF8124 /* Debug */,
				20E5227B206C03E500BF8124 /* Release */,
			);
			defaultConfigurationIsVisible = 0;
			defaultConfigurationName = Release;
		};
		20E5227C206C03E500BF8124 /* Build configuration list for PBXNativeTarget "PowerUpScoringTests" */ = {
			isa = XCConfigurationList;
			buildConfigurations = (
				20E5227D206C03E500BF8124 /* Debug */,
				20E5227E206C03E500BF8124 /* Release */,
			);
			defaultConfigurationIsVisible = 0;
			defaultConfigurationName = Release;
		};
		20E5227F206C03E500BF8124 /* Build configuration list for PBXNativeTarget "PowerUpScoringUITests" */ = {
			isa = XCConfigurationList;
			buildConfigurations = (
				20E52280206C03E500BF8124 /* Debug */,
				20E52281206C03E500BF8124 /* Release */,
			);
			defaultConfigurationIsVisible = 0;
			defaultConfigurationName = Release;
		};
/* End XCConfigurationList section */
	};
	rootObject = 20E52247206C03E500BF8124 /* Project object */;
}
